PODS:
  - Alamofire (5.10.2)
  - SwiftyJSON (5.0.2)

DEPENDENCIES:
  - Alamofire
  - SwiftyJSON

SPEC REPOS:
  trunk:
    - Alamofire
    - SwiftyJSON

SPEC CHECKSUMS:
  Alamofire: 7193b3b92c74a07f85569e1a6c4f4237291e7496
  SwiftyJSON: f5b1bf1cd8dd53cd25887ac0eabcfd92301c6a5a

PODFILE CHECKSUM: c738d6895d634137e0bf8334b1be922282637118

COCOAPODS: 1.16.2
